github.com/dlclark/regexp2 v1.2.0 h1:8sAhBGEM0dRWogWqWyQeIJnxjWO6oIjl8FKqREDsGfk=
github.com/dlclark/regexp2 v1.2.0/go.mod h1:2pZnwuY/m+8K6iRw6wQdMtk+rH5tNGR1i55kozfMjCc=
github.com/soongo/path-to-regexp v1.6.3 h1:6iOWlYPUwjHNE4eiYZl5TMunNBkqs9MH9SDD/c6p8do=
github.com/soongo/path-to-regexp v1.6.3/go.mod h1:tXCyQMiXR7WQwF49yZ4QWgtbvqma2NKDt5kOisBJiHQ=
gopkg.in/gookit/color.v1 v1.1.6 h1:5fB10p6AUFjhd2ayq9JgmJWr9WlTrguFdw3qlYtKNHk=
gopkg.in/gookit/color.v1 v1.1.6/go.mod h1:IcEkFGaveVShJ+j8ew+jwe9epHyGpJ9IrptHmW3laVY=
